<?xml version="1.0" encoding="utf-8"?>
<Project ToolsVersion="4.0" xmlns="http://schemas.microsoft.com/developer/msbuild/2003">
  <ItemGroup>
    <ClCompile Include="..\..\protocol\pb\enum.pb.cc">
      <Filter>protocol\pb</Filter>
    </ClCompile>
    <ClCompile Include="..\..\protocol\pb\project.pb.cc">
      <Filter>protocol\pb</Filter>
    </ClCompile>
    <ClCompile Include="..\..\share\util\XCommon.cpp">
      <Filter>reload</Filter>
    </ClCompile>
    <ClCompile Include="..\..\share\util\XRandom.cpp">
      <Filter>reload</Filter>
    </ClCompile>
    <ClCompile Include="..\..\share\util\gametime.cpp">
      <Filter>reload</Filter>
    </ClCompile>
    <ClCompile Include="..\..\share\util\gettimeofday.cpp">
      <Filter>reload</Filter>
    </ClCompile>
    <ClCompile Include="..\..\client\main.cpp" />
    <ClCompile Include="..\..\client\process.cpp" />
    <ClCompile Include="..\..\client\ptcregister.cpp" />
    <ClCompile Include="..\..\client\network\clientlink.cpp">
      <Filter>network</Filter>
    </ClCompile>
    <ClCompile Include="..\..\client\network\protocolcoder.cpp" />
    <ClCompile Include="..\..\client\protocol\login\rpcc2l_loginreq.cpp">
      <Filter>protocol\login</Filter>
    </ClCompile>
    <ClCompile Include="..\..\client\protocol\game\rpcc2h_entergamereq.cpp">
      <Filter>protocol\game</Filter>
    </ClCompile>
    <ClCompile Include="..\..\client\protocol\game\rpcc2t_entergametest.cpp">
      <Filter>protocol\game</Filter>
    </ClCompile>
    <ClCompile Include="..\..\client\protocol\sendonly.cpp">
      <Filter>protocol</Filter>
    </ClCompile>
    <ClCompile Include="..\..\client\protocol\login\rpcc2l_createactor.cpp">
      <Filter>protocol\login</Filter>
    </ClCompile>
    <ClCompile Include="..\..\client\protocol\game\ptch2c_senditemptf.cpp">
      <Filter>protocol\game</Filter>
    </ClCompile>
    <ClCompile Include="..\..\client\robot\robotmgr.cpp">
      <Filter>robot</Filter>
    </ClCompile>
    <ClCompile Include="..\..\client\network\loginlink.cpp">
      <Filter>network</Filter>
    </ClCompile>
    <ClCompile Include="..\..\client\session\usermgr.cpp">
      <Filter>session</Filter>
    </ClCompile>
    <ClCompile Include="..\..\client\protocol\game\rpcc2t_createactorcli2gate.cpp">
      <Filter>protocol\game</Filter>
    </ClCompile>
    <ClCompile Include="..\..\client\protocol\game\rpcc2t_clienttokenauth.cpp">
      <Filter>protocol\game</Filter>
    </ClCompile>
    <ClCompile Include="..\..\client\protocol\game\ptcc2c_heartbeat.cpp">
      <Filter>protocol\game</Filter>
    </ClCompile>
    <ClCompile Include="..\..\client\protocol\game\ptct2c_heartbeat.cpp">
      <Filter>protocol\game</Filter>
    </ClCompile>
    <ClCompile Include="..\..\client\protocol\game\rpcc2h_startmatch.cpp">
      <Filter>protocol\game</Filter>
    </ClCompile>
  </ItemGroup>
  <ItemGroup>
    <ClInclude Include="..\..\share\util\utilstring.h">
      <Filter>reload</Filter>
    </ClInclude>
    <ClInclude Include="..\..\share\util\XCommon.h">
      <Filter>reload</Filter>
    </ClInclude>
    <ClInclude Include="..\..\share\util\XRandom.h">
      <Filter>reload</Filter>
    </ClInclude>
    <ClInclude Include="..\..\share\util\gametime.h">
      <Filter>reload</Filter>
    </ClInclude>
    <ClInclude Include="..\..\share\util\gettimeofday.h">
      <Filter>reload</Filter>
    </ClInclude>
    <ClInclude Include="..\..\protocol\login\rpcc2l_loginreq.h">
      <Filter>protocol\login</Filter>
    </ClInclude>
    <ClInclude Include="..\..\client\minidump.h" />
    <ClInclude Include="..\..\client\pch.h" />
    <ClInclude Include="..\..\client\process.h" />
    <ClInclude Include="..\..\client\ptcregister.h" />
    <ClInclude Include="..\..\client\network\clientlink.h">
      <Filter>network</Filter>
    </ClInclude>
    <ClInclude Include="..\..\client\network\protocolcoder.h" />
    <ClInclude Include="..\..\protocol\pb\project.pb.h">
      <Filter>protocol\pb</Filter>
    </ClInclude>
    <ClInclude Include="..\..\protocol\pb\enum.pb.h">
      <Filter>protocol\pb</Filter>
    </ClInclude>
    <ClInclude Include="..\..\client\robot\robotmgr.h">
      <Filter>robot</Filter>
    </ClInclude>
    <ClInclude Include="..\..\client\network\loginlink.h">
      <Filter>network</Filter>
    </ClInclude>
    <ClInclude Include="..\..\client\session\usermgr.h">
      <Filter>session</Filter>
    </ClInclude>
  </ItemGroup>
  <ItemGroup>
    <Filter Include="network">
      <UniqueIdentifier>{971343c7-bd24-4a2f-a2c1-b5c07afbd292}</UniqueIdentifier>
    </Filter>
    <Filter Include="protocol">
      <UniqueIdentifier>{6884c85d-004e-416b-a0ec-189d17b403a8}</UniqueIdentifier>
    </Filter>
    <Filter Include="protocol\common">
      <UniqueIdentifier>{e6b3fb95-914a-4d99-a917-0ece39914e79}</UniqueIdentifier>
    </Filter>
    <Filter Include="protocol\pb">
      <UniqueIdentifier>{f042439c-0d39-4991-bd80-fa6a631a88ba}</UniqueIdentifier>
    </Filter>
    <Filter Include="reload">
      <UniqueIdentifier>{cfc50ff6-d840-4783-9102-2e1a9e7c0204}</UniqueIdentifier>
    </Filter>
    <Filter Include="share">
      <UniqueIdentifier>{c9eb7c69-0a5f-4736-8279-9a6238d78a57}</UniqueIdentifier>
    </Filter>
    <Filter Include="protocol\account">
      <UniqueIdentifier>{9a2ed677-0ba2-4a81-ac36-bb8207104388}</UniqueIdentifier>
    </Filter>
    <Filter Include="protocol\login">
      <UniqueIdentifier>{1c405397-fff0-456b-9cb5-b27440b9ab2c}</UniqueIdentifier>
    </Filter>
    <Filter Include="protocol\game">
      <UniqueIdentifier>{3e4fb9e1-500b-48d4-98fe-b2ccd4e431f0}</UniqueIdentifier>
    </Filter>
    <Filter Include="robot">
      <UniqueIdentifier>{ec5a4384-42ef-4bda-a9d8-488fce00ce6a}</UniqueIdentifier>
    </Filter>
    <Filter Include="session">
      <UniqueIdentifier>{ce04e725-3f44-4aec-9e4a-9a212eb69c61}</UniqueIdentifier>
    </Filter>
  </ItemGroup>
</Project>